<?xml version="1.0" encoding="utf-8"?>
<Project ToolsVersion="4.0" xmlns="http://schemas.microsoft.com/developer/msbuild/2003">
  <ItemGroup>
    <Filter Include="Source Files">
      <UniqueIdentifier>{550c6903-a2e1-4c13-9f95-113c34d61066}</UniqueIdentifier>
      <Extensions>cpp;c;cxx;rc;def;r;odl;idl;hpj;bat</Extensions>
    </Filter>
    <Filter Include="Header Files">
      <UniqueIdentifier>{dc2e095b-7a68-4cbf-9bd6-1d5d9aa80c45}</UniqueIdentifier>
      <Extensions>h;hpp;hxx;hm;inl</Extensions>
    </Filter>
    <Filter Include="Resource Files">
      <UniqueIdentifier>{f0ffa30b-9559-4153-a389-c830980adc4b}</UniqueIdentifier>
      <Extensions>ico;cur;bmp;dlg;rc2;rct;bin;rgs;gif;jpg;jpeg;jpe</Extensions>
    </Filter>
  </ItemGroup>
  <ItemGroup>
    <ClCompile Include="go15.cpp">
      <Filter>Source Files</Filter>
    </ClCompile>
    <ClCompile Include="timeMan.cpp">
      <Filter>Source Files</Filter>
    </ClCompile>
    <ClCompile Include="node.cpp">
      <Filter>Source Files</Filter>
    </ClCompile>
    <ClCompile Include="position.cpp">
      <Filter>Source Files</Filter>
    </ClCompile>
    <ClCompile Include="common.cpp">
      <Filter>Source Files</Filter>
    </ClCompile>
    <ClCompile Include="randXorShift.cpp">
      <Filter>Source Files</Filter>
    </ClCompile>
    <ClCompile Include="selfPlay.cpp">
      <Filter>Source Files</Filter>
    </ClCompile>
    <ClCompile Include="testPlay.cpp">
      <Filter>Source Files</Filter>
    </ClCompile>
    <ClCompile Include="hashCode.cpp">
      <Filter>Source Files</Filter>
    </ClCompile>
  </ItemGroup>
  <ItemGroup>
    <ClInclude Include="go15.h">
      <Filter>Header Files</Filter>
    </ClInclude>
    <ClInclude Include="timeMan.h">
      <Filter>Header Files</Filter>
    </ClInclude>
    <ClInclude Include="child.h">
      <Filter>Header Files</Filter>
    </ClInclude>
    <ClInclude Include="node.h">
      <Filter>Header Files</Filter>
    </ClInclude>
    <ClInclude Include="upperConfidenceTree.h">
      <Filter>Header Files</Filter>
    </ClInclude>
    <ClInclude Include="position.h">
      <Filter>Header Files</Filter>
    </ClInclude>
    <ClInclude Include="common.h">
      <Filter>Header Files</Filter>
    </ClInclude>
    <ClInclude Include="randXorShift.h">
      <Filter>Header Files</Filter>
    </ClInclude>
    <ClInclude Include="selfPlay.h">
      <Filter>Header Files</Filter>
    </ClInclude>
    <ClInclude Include="testPlay.h">
      <Filter>Header Files</Filter>
    </ClInclude>
    <ClInclude Include="hashCode.h">
      <Filter>Header Files</Filter>
    </ClInclude>
  </ItemGroup>
</Project>